
Microsoft Visual Studio Solution File, Format Version 12.00
# Visual Studio Version 16
VisualStudioVersion = 16.0.32413.511
MinimumVisualStudioVersion = 10.0.40219.1
Project("{9A19103F-16F7-4668-BE54-9A1E7A4F7556}") = "SpotifyApp.Api", "src\SpotifyApp.Api\SpotifyApp.Api.csproj", "{AF61D733-C8F5-4F69-A8D4-FAFBB53AF77D}"
EndProject
Project("{FAE04EC0-301F-11D3-BF4B-00C04F79EFBC}") = "SpotifyApp.WebApp", "src\SpotifyApp.WebApp\SpotifyApp.WebApp.csproj", "{ACF0188D-E796-4FA7-B575-E5EC8FD280E9}"
EndProject
Global
	GlobalSection(SolutionConfigurationPlatforms) = preSolution
		Debug|Any CPU = Debug|Any CPU
		Release|Any CPU = Release|Any CPU
	EndGlobalSection
	GlobalSection(ProjectConfigurationPlatforms) = postSolution
		{AF61D733-C8F5-4F69-A8D4-FAFBB53AF77D}.Debug|Any CPU.ActiveCfg = Debug|Any CPU
		{AF61D733-C8F5-4F69-A8D4-FAFBB53AF77D}.Debug|Any CPU.Build.0 = Debug|Any CPU
		{AF61D733-C8F5-4F69-A8D4-FAFBB53AF77D}.Release|Any CPU.ActiveCfg = Release|Any CPU
		{AF61D733-C8F5-4F69-A8D4-FAFBB53AF77D}.Release|Any CPU.Build.0 = Release|Any CPU
		{ACF0188D-E796-4FA7-B575-E5EC8FD280E9}.Debug|Any CPU.ActiveCfg = Debug|Any CPU
		{ACF0188D-E796-4FA7-B575-E5EC8FD280E9}.Debug|Any CPU.Build.0 = Debug|Any CPU
		{ACF0188D-E796-4FA7-B575-E5EC8FD280E9}.Release|Any CPU.ActiveCfg = Release|Any CPU
		{ACF0188D-E796-4FA7-B575-E5EC8FD280E9}.Release|Any CPU.Build.0 = Release|Any CPU
	EndGlobalSection
	GlobalSection(SolutionProperties) = preSolution
		HideSolutionNode = FALSE
	EndGlobalSection
	GlobalSection(ExtensibilityGlobals) = postSolution
		SolutionGuid = {7C9AB789-E818-4308-BFEB-9D8312E13DBF}
	EndGlobalSection
EndGlobal
